
Microsoft Visual Studio Solution File, Format Version 12.00
# Visual Studio Version 17
VisualStudioVersion = 17.3.32929.385
MinimumVisualStudioVersion = 10.0.40219.1
Project("{9A19103F-16F7-4668-BE54-9A1E7A4F7556}") = "CalcForPriceFlat", "787DD97A\CalcForPriceFlat.csproj", "{FB665B8E-5217-40CB-AE9D-220AB1EF0F17}"
EndProject
Project("{9A19103F-16F7-4668-BE54-9A1E7A4F7556}") = "787DD97A_API", "787DD97A_API\787DD97A_API.csproj", "{11825FF1-4722-4AD6-A7E6-25E2DA5EB41D}"
EndProject
Project("{2150E333-8FDC-42A3-9474-1A3956D46DE8}") = "Элементы решения", "Элементы решения", "{34570907-E9FF-42D6-A3D6-7217C8554949}"
	ProjectSection(SolutionItems) = preProject
		.editorconfig = .editorconfig
	EndProjectSection
EndProject
Project("{E53339B2-1760-4266-BCC7-CA923CBCF16C}") = "docker-compose", "docker-compose.dcproj", "{62912E9E-1388-45B0-B942-D561FB01AA11}"
EndProject
Project("{9A19103F-16F7-4668-BE54-9A1E7A4F7556}") = "Test_Calc", "..\Test_Calc\Test_Calc.csproj", "{FBF71199-39F1-4BCD-9C15-F50064D8279C}"
EndProject
Global
	GlobalSection(SolutionConfigurationPlatforms) = preSolution
		Debug|Any CPU = Debug|Any CPU
		Release|Any CPU = Release|Any CPU
	EndGlobalSection
	GlobalSection(ProjectConfigurationPlatforms) = postSolution
		{FB665B8E-5217-40CB-AE9D-220AB1EF0F17}.Debug|Any CPU.ActiveCfg = Debug|Any CPU
		{FB665B8E-5217-40CB-AE9D-220AB1EF0F17}.Debug|Any CPU.Build.0 = Debug|Any CPU
		{FB665B8E-5217-40CB-AE9D-220AB1EF0F17}.Release|Any CPU.ActiveCfg = Release|Any CPU
		{FB665B8E-5217-40CB-AE9D-220AB1EF0F17}.Release|Any CPU.Build.0 = Release|Any CPU
		{11825FF1-4722-4AD6-A7E6-25E2DA5EB41D}.Debug|Any CPU.ActiveCfg = Debug|Any CPU
		{11825FF1-4722-4AD6-A7E6-25E2DA5EB41D}.Debug|Any CPU.Build.0 = Debug|Any CPU
		{11825FF1-4722-4AD6-A7E6-25E2DA5EB41D}.Release|Any CPU.ActiveCfg = Release|Any CPU
		{11825FF1-4722-4AD6-A7E6-25E2DA5EB41D}.Release|Any CPU.Build.0 = Release|Any CPU
		{62912E9E-1388-45B0-B942-D561FB01AA11}.Debug|Any CPU.ActiveCfg = Debug|Any CPU
		{62912E9E-1388-45B0-B942-D561FB01AA11}.Debug|Any CPU.Build.0 = Debug|Any CPU
		{62912E9E-1388-45B0-B942-D561FB01AA11}.Release|Any CPU.ActiveCfg = Release|Any CPU
		{62912E9E-1388-45B0-B942-D561FB01AA11}.Release|Any CPU.Build.0 = Release|Any CPU
		{FBF71199-39F1-4BCD-9C15-F50064D8279C}.Debug|Any CPU.ActiveCfg = Debug|Any CPU
		{FBF71199-39F1-4BCD-9C15-F50064D8279C}.Debug|Any CPU.Build.0 = Debug|Any CPU
		{FBF71199-39F1-4BCD-9C15-F50064D8279C}.Release|Any CPU.ActiveCfg = Release|Any CPU
		{FBF71199-39F1-4BCD-9C15-F50064D8279C}.Release|Any CPU.Build.0 = Release|Any CPU
	EndGlobalSection
	GlobalSection(SolutionProperties) = preSolution
		HideSolutionNode = FALSE
	EndGlobalSection
	GlobalSection(ExtensibilityGlobals) = postSolution
		SolutionGuid = {FDE0BAAF-772C-4C0E-9958-A00109287ECD}
	EndGlobalSection
EndGlobal
