
Microsoft Visual Studio Solution File, Format Version 12.00
# Visual Studio Version 16
VisualStudioVersion = 25.0.1703.8
MinimumVisualStudioVersion = 10.0.40219.1
Project("{FAE04EC0-301F-11D3-BF4B-00C04F79EFBC}") = "787DD97A_calc", "787DD97A\787DD97A_calc.csproj", "{9B812CA2-61F2-4FBB-9821-F192DCC412B0}"
EndProject
Global
	GlobalSection(SolutionConfigurationPlatforms) = preSolution
		Debug|Any CPU = Debug|Any CPU
		Release|Any CPU = Release|Any CPU
	EndGlobalSection
	GlobalSection(ProjectConfigurationPlatforms) = postSolution
		{9B812CA2-61F2-4FBB-9821-F192DCC412B0}.Debug|Any CPU.ActiveCfg = Debug|Any CPU
		{9B812CA2-61F2-4FBB-9821-F192DCC412B0}.Debug|Any CPU.Build.0 = Debug|Any CPU
		{9B812CA2-61F2-4FBB-9821-F192DCC412B0}.Release|Any CPU.ActiveCfg = Release|Any CPU
		{9B812CA2-61F2-4FBB-9821-F192DCC412B0}.Release|Any CPU.Build.0 = Release|Any CPU
	EndGlobalSection
	GlobalSection(SolutionProperties) = preSolution
		HideSolutionNode = FALSE
	EndGlobalSection
	GlobalSection(ExtensibilityGlobals) = postSolution
		SolutionGuid = {FDE0BAAF-772C-4C0E-9958-A00109287ECD}
	EndGlobalSection
EndGlobal
