
Microsoft Visual Studio Solution File, Format Version 12.00
# Visual Studio Version 17
VisualStudioVersion = 17.3.32929.385
MinimumVisualStudioVersion = 10.0.40219.1
Project("{9A19103F-16F7-4668-BE54-9A1E7A4F7556}") = "Test_Calc", "Test_Calc.csproj", "{7B97D1C4-A82A-4326-9FEC-A2A9561D5BB2}"
EndProject
Global
	GlobalSection(SolutionConfigurationPlatforms) = preSolution
		Debug|Any CPU = Debug|Any CPU
		Release|Any CPU = Release|Any CPU
	EndGlobalSection
	GlobalSection(ProjectConfigurationPlatforms) = postSolution
		{7B97D1C4-A82A-4326-9FEC-A2A9561D5BB2}.Debug|Any CPU.ActiveCfg = Debug|Any CPU
		{7B97D1C4-A82A-4326-9FEC-A2A9561D5BB2}.Debug|Any CPU.Build.0 = Debug|Any CPU
		{7B97D1C4-A82A-4326-9FEC-A2A9561D5BB2}.Release|Any CPU.ActiveCfg = Release|Any CPU
		{7B97D1C4-A82A-4326-9FEC-A2A9561D5BB2}.Release|Any CPU.Build.0 = Release|Any CPU
	EndGlobalSection
	GlobalSection(SolutionProperties) = preSolution
		HideSolutionNode = FALSE
	EndGlobalSection
	GlobalSection(ExtensibilityGlobals) = postSolution
		SolutionGuid = {099A47E0-58E7-44F3-92AD-6123A27922FD}
	EndGlobalSection
EndGlobal
